{
  "repository": "ghcr.io/roundtablelove/nix-seed/examples/python/seed-drvs",
  "systems": {
    "aarch64-linux": "sha256:37bc9553a392eea13d475bdac601c63d1efc030bdaea981420ecb19c3beec7aa",
    "x86_64-linux": "sha256:97c497f1ffe5803227f7daf92a84ff2e6f59732a96499123e51d22e903c5d61e"
  },
  "tag": "ad5e4f5498f6ef66bade9e2757e1790659f4a993"
}
