{
  "repository": "ghcr.io/roundtablelove/nix-seed/examples/python/seed-drvs",
  "systems": {
    "aarch64-linux": "sha256:742f675d633559624b5934b7b27dfa666d1e8ca84ba1abd0ebc2dbf7fbd7b0e3",
    "x86_64-linux": "sha256:75b11e0fa14de762ec2ed9e100deffcc6cd6aeb0f0a8ec568b2eb385b4428db1"
  },
  "tag": "dcd78b8e81740a0999273b5cbca8ff98d548bd75"
}
