{
  "repository": "ghcr.io/roundtablelove/nix-seed/examples/cpp-boost/seed-drvs",
  "systems": {
    "aarch64-linux": "sha256:a20a74bc893b5774d5d212a041088d5cd400c8589191eb4b25977d2bf664bf83",
    "x86_64-linux": "sha256:104aff91a0a6099e8ff2a7f8591e9841a5b46eaa2e9803c1aff1352885c1f217"
  },
  "tag": "b424f732ad4f726f7f530828a8364574b91a474e"
}
