{
  "repository": "ghcr.io/roundtablelove/nix-seed/examples/cpp-boost/seed-drvs",
  "systems": {
    "aarch64-linux": "sha256:a737c37249c84e70b6aa2082028f8277d9925b578b9cee5cc4e86296a075ec35",
    "x86_64-linux": "sha256:c9b9ccc72ba45fb933ab93542393cc39912f81c42d3627a142d2af710fdbc1c6"
  },
  "tag": "e5919ea6c22f02cdbf6727fbc2fafb5c1362bbc3"
}
