{
  "repository": "ghcr.io/roundtablelove/nix-seed/examples/cpp-boost/seed-drvs",
  "systems": {
    "aarch64-linux": "sha256:13c7dd21f02cc19454d5af2a4f1dc544f7786e40b123e9cba3d4a324cf213ba4",
    "x86_64-linux": "sha256:347d8a386a5d5d4349f0cd3dbf6a7f15f701c09fe1586499b041ef6440a74f48"
  },
  "tag": "dcd78b8e81740a0999273b5cbca8ff98d548bd75"
}
