{
  "repository": "ghcr.io/roundtablelove/nix-seed/examples/hello/innocent/seed",
  "systems": {
    "aarch64-darwin": "sha256:938e7337c5fef4a55e45566afdc0bff4f988890194224275ca7abf12f8ea68de",
    "aarch64-linux": "sha256:c506c7b1809a3b867ac6a2ad30efff3bc1b1e5602da9709de3b77b885290b1ae",
    "x86_64-linux": "sha256:989941edb35ea0f15712d9b461e2be3271fc4b6864feec8110715f18211c0d8b"
  },
  "tag": "2b54d900149a584b5067799ccc33244d73dee2c2"
}
