{
  "repository": "ghcr.io/roundtablelove/nix-seed/examples/curl/seed",
  "systems": {
    "aarch64-darwin": "sha256:77693e73177a7c984d3e8df63b70de1331a5607fd0599bfcfa6d63b4be7164d2",
    "aarch64-linux": "sha256:1eed321492e637bbb0bcef973466ed2c594879719706c3e645c8f8c3172426e6"
  },
  "tag": "989d7558fc3e04f55032a0c3cab506d56ba08333"
}
