{
  "repository": "ghcr.io/roundtablelove/nix-seed/examples/hello/credulous/seed",
  "systems": {
    "aarch64-linux": "sha256:308280ae9af21ddb83b17c3d0804cbbd1be63c0b48c3e5aed66c1383aecb9ca1",
    "x86_64-linux": "sha256:8ec7ff0f12af337b273134f1d6c33b9c7b453978b6681f59aeeea024ac1d7ebc"
  },
  "tag": "3c3f04f1f2d95ee093e6af48452851cbda91c9a9"
}
