{
  "repository": "ghcr.io/roundtablelove/nix-seed/examples/hello/credulous/seed-drvs",
  "systems": {
    "aarch64-linux": "sha256:f6be1f349bcf77301cc3a924a0196e1b6ad5fa736f9c526af5e63912482886c6",
    "x86_64-linux": "sha256:5371e72d365d2c346ac520e6134f4b78ab9453ae22a63c9b7a4bdee019322b51"
  },
  "tag": "b424f732ad4f726f7f530828a8364574b91a474e"
}
