{
  "repository": "ghcr.io/roundtablelove/nix-seed/examples/rust/seed",
  "systems": {
    "aarch64-darwin": "sha256:0a5ab0d5e0d56b20f1d812c271208748445f0dcf0af15ea19719726a55e808e5",
    "aarch64-linux": "sha256:a7d4b8c04be041501fc33b8b7d3ab9984e17e10cae3ce7f43b110ec7b620bd32"
  },
  "tag": "c3253a38d5354fc477981c3e1a88a341c7c8321f"
}
